
Microsoft Visual Studio Solution File, Format Version 12.00
# Visual Studio 15
VisualStudioVersion = 15.0.28010.2041
MinimumVisualStudioVersion = 10.0.40219.1
Project("{2150E333-8FDC-42A3-9474-1A3956D46DE8}") = "Source", "Source", "{072637C2-53DB-4EEC-B92E-F3C2208EAA47}"
EndProject
Project("{2150E333-8FDC-42A3-9474-1A3956D46DE8}") = "Shared", "Shared", "{BFB318F3-4C7A-4D87-808B-67A93EF9AD7A}"
EndProject
Project("{2150E333-8FDC-42A3-9474-1A3956D46DE8}") = "Implementations", "Implementations", "{4D1CFCDC-921F-45D7-BB54-7A90921F46C9}"
EndProject
Project("{9A19103F-16F7-4668-BE54-9A1E7A4F7556}") = "Kodefoxx.Pheme.Shared.Infrastructure", "Shared\Kodefoxx.Pheme.Shared.Infrastructure\Kodefoxx.Pheme.Shared.Infrastructure.csproj", "{D88BF434-12AE-4E4A-9D18-144C6C331624}"
EndProject
Project("{9A19103F-16F7-4668-BE54-9A1E7A4F7556}") = "Kodefoxx.Pheme.Shared.Infrastructure.Tests", "Shared\Kodefoxx.Pheme.Shared.Infrastructure.Tests\Kodefoxx.Pheme.Shared.Infrastructure.Tests.csproj", "{16C75EC9-F6E8-476D-AF12-E4C17F44D14C}"
EndProject
Project("{9A19103F-16F7-4668-BE54-9A1E7A4F7556}") = "Kodefoxx.Pheme.Shared.Domain", "Shared\Kodefoxx.Pheme.Shared.Domain\Kodefoxx.Pheme.Shared.Domain.csproj", "{1FA061EC-40E1-4918-911C-5671C1899DBA}"
EndProject
Project("{9A19103F-16F7-4668-BE54-9A1E7A4F7556}") = "Kodefoxx.Pheme.Shared.Domain.Tests", "Shared\Kodefoxx.Pheme.Shared.Domain.Tests\Kodefoxx.Pheme.Shared.Domain.Tests.csproj", "{EA391351-BA56-46E7-BC94-575EE7F36C21}"
EndProject
Project("{2150E333-8FDC-42A3-9474-1A3956D46DE8}") = "Solution Items", "Solution Items", "{2E5ED724-C441-4CBB-A228-E3643BB0C6CD}"
	ProjectSection(SolutionItems) = preProject
		..\.gitignore = ..\.gitignore
		..\LICENSE = ..\LICENSE
		..\README.md = ..\README.md
	EndProjectSection
EndProject
Project("{FAE04EC0-301F-11D3-BF4B-00C04F79EFBC}") = "Kodefoxx.Pheme.Slack.WebHook", "Implementations\Slack\WebHook\Kodefoxx.Pheme.Slack.WebHook\Kodefoxx.Pheme.Slack.WebHook.csproj", "{39DE1C53-4850-400D-AF95-12180D8B1536}"
EndProject
Project("{2150E333-8FDC-42A3-9474-1A3956D46DE8}") = "Slack", "Slack", "{95FBC83F-7385-406C-ACC9-861B6488023C}"
EndProject
Project("{2150E333-8FDC-42A3-9474-1A3956D46DE8}") = "WebHook", "WebHook", "{2343562A-9177-4513-A696-8CC23E79F70A}"
EndProject
Global
	GlobalSection(SolutionConfigurationPlatforms) = preSolution
		Debug|Any CPU = Debug|Any CPU
		Release|Any CPU = Release|Any CPU
	EndGlobalSection
	GlobalSection(ProjectConfigurationPlatforms) = postSolution
		{D88BF434-12AE-4E4A-9D18-144C6C331624}.Debug|Any CPU.ActiveCfg = Debug|Any CPU
		{D88BF434-12AE-4E4A-9D18-144C6C331624}.Debug|Any CPU.Build.0 = Debug|Any CPU
		{D88BF434-12AE-4E4A-9D18-144C6C331624}.Release|Any CPU.ActiveCfg = Release|Any CPU
		{D88BF434-12AE-4E4A-9D18-144C6C331624}.Release|Any CPU.Build.0 = Release|Any CPU
		{16C75EC9-F6E8-476D-AF12-E4C17F44D14C}.Debug|Any CPU.ActiveCfg = Debug|Any CPU
		{16C75EC9-F6E8-476D-AF12-E4C17F44D14C}.Debug|Any CPU.Build.0 = Debug|Any CPU
		{16C75EC9-F6E8-476D-AF12-E4C17F44D14C}.Release|Any CPU.ActiveCfg = Release|Any CPU
		{16C75EC9-F6E8-476D-AF12-E4C17F44D14C}.Release|Any CPU.Build.0 = Release|Any CPU
		{1FA061EC-40E1-4918-911C-5671C1899DBA}.Debug|Any CPU.ActiveCfg = Debug|Any CPU
		{1FA061EC-40E1-4918-911C-5671C1899DBA}.Debug|Any CPU.Build.0 = Debug|Any CPU
		{1FA061EC-40E1-4918-911C-5671C1899DBA}.Release|Any CPU.ActiveCfg = Release|Any CPU
		{1FA061EC-40E1-4918-911C-5671C1899DBA}.Release|Any CPU.Build.0 = Release|Any CPU
		{EA391351-BA56-46E7-BC94-575EE7F36C21}.Debug|Any CPU.ActiveCfg = Debug|Any CPU
		{EA391351-BA56-46E7-BC94-575EE7F36C21}.Debug|Any CPU.Build.0 = Debug|Any CPU
		{EA391351-BA56-46E7-BC94-575EE7F36C21}.Release|Any CPU.ActiveCfg = Release|Any CPU
		{EA391351-BA56-46E7-BC94-575EE7F36C21}.Release|Any CPU.Build.0 = Release|Any CPU
		{39DE1C53-4850-400D-AF95-12180D8B1536}.Debug|Any CPU.ActiveCfg = Debug|Any CPU
		{39DE1C53-4850-400D-AF95-12180D8B1536}.Debug|Any CPU.Build.0 = Debug|Any CPU
		{39DE1C53-4850-400D-AF95-12180D8B1536}.Release|Any CPU.ActiveCfg = Release|Any CPU
		{39DE1C53-4850-400D-AF95-12180D8B1536}.Release|Any CPU.Build.0 = Release|Any CPU
	EndGlobalSection
	GlobalSection(SolutionProperties) = preSolution
		HideSolutionNode = FALSE
	EndGlobalSection
	GlobalSection(NestedProjects) = preSolution
		{BFB318F3-4C7A-4D87-808B-67A93EF9AD7A} = {072637C2-53DB-4EEC-B92E-F3C2208EAA47}
		{4D1CFCDC-921F-45D7-BB54-7A90921F46C9} = {072637C2-53DB-4EEC-B92E-F3C2208EAA47}
		{D88BF434-12AE-4E4A-9D18-144C6C331624} = {BFB318F3-4C7A-4D87-808B-67A93EF9AD7A}
		{16C75EC9-F6E8-476D-AF12-E4C17F44D14C} = {BFB318F3-4C7A-4D87-808B-67A93EF9AD7A}
		{1FA061EC-40E1-4918-911C-5671C1899DBA} = {BFB318F3-4C7A-4D87-808B-67A93EF9AD7A}
		{EA391351-BA56-46E7-BC94-575EE7F36C21} = {BFB318F3-4C7A-4D87-808B-67A93EF9AD7A}
		{39DE1C53-4850-400D-AF95-12180D8B1536} = {2343562A-9177-4513-A696-8CC23E79F70A}
		{95FBC83F-7385-406C-ACC9-861B6488023C} = {4D1CFCDC-921F-45D7-BB54-7A90921F46C9}
		{2343562A-9177-4513-A696-8CC23E79F70A} = {95FBC83F-7385-406C-ACC9-861B6488023C}
	EndGlobalSection
	GlobalSection(ExtensibilityGlobals) = postSolution
		SolutionGuid = {13DF3808-F690-4EDC-800B-31B994626B68}
	EndGlobalSection
EndGlobal
